
Microsoft Visual Studio Solution File, Format Version 12.00
# Visual Studio 2013
VisualStudioVersion = 12.0.40629.0
MinimumVisualStudioVersion = 10.0.40219.1
Project("{FAE04EC0-301F-11D3-BF4B-00C04F79EFBC}") = "RemoveCart", "RemoveCart\RemoveCart.csproj", "{B8B5823E-ED1A-460C-9F59-63EAB7090F19}"
EndProject
Project("{FAE04EC0-301F-11D3-BF4B-00C04F79EFBC}") = "UnitTestProject2", "UnitTestProject2\UnitTestProject2.csproj", "{986B59BC-2E65-409E-8AAA-F390B640D4AD}"
EndProject
Global
	GlobalSection(SolutionConfigurationPlatforms) = preSolution
		Debug|Any CPU = Debug|Any CPU
		Release|Any CPU = Release|Any CPU
	EndGlobalSection
	GlobalSection(ProjectConfigurationPlatforms) = postSolution
		{B8B5823E-ED1A-460C-9F59-63EAB7090F19}.Debug|Any CPU.ActiveCfg = Debug|Any CPU
		{B8B5823E-ED1A-460C-9F59-63EAB7090F19}.Debug|Any CPU.Build.0 = Debug|Any CPU
		{B8B5823E-ED1A-460C-9F59-63EAB7090F19}.Release|Any CPU.ActiveCfg = Release|Any CPU
		{B8B5823E-ED1A-460C-9F59-63EAB7090F19}.Release|Any CPU.Build.0 = Release|Any CPU
		{986B59BC-2E65-409E-8AAA-F390B640D4AD}.Debug|Any CPU.ActiveCfg = Debug|Any CPU
		{986B59BC-2E65-409E-8AAA-F390B640D4AD}.Debug|Any CPU.Build.0 = Debug|Any CPU
		{986B59BC-2E65-409E-8AAA-F390B640D4AD}.Release|Any CPU.ActiveCfg = Release|Any CPU
		{986B59BC-2E65-409E-8AAA-F390B640D4AD}.Release|Any CPU.Build.0 = Release|Any CPU
	EndGlobalSection
	GlobalSection(SolutionProperties) = preSolution
		HideSolutionNode = FALSE
	EndGlobalSection
EndGlobal
